{
  "requires": true,
  "lockfileVersion": 1,
  "dependencies": {
    "callsite": {
      "version": "1.0.0",
      "resolved": "http://artifactory-espoo-fnms.int.net.nokia.com:8081/artifactory/api/npm/npm-virtual/callsite/-/callsite-1.0.0.tgz",
      "integrity": "sha1-KAOY5dZkvXQDi28JBRU+borxvCA="
    },
    "decache": {
      "version": "4.6.0",
      "resolved": "http://artifactory-espoo-fnms.int.net.nokia.com:8081/artifactory/api/npm/npm-virtual/decache/-/decache-4.6.0.tgz",
      "integrity": "sha1-hwJrxuaWdZ6C1Xo4QcTiUaMDVug=",
      "requires": {
        "callsite": "^1.0.0"
      }
    },
    "lodash": {
      "version": "4.17.21",
      "resolved": "http://artifactory-espoo-fnms.int.net.nokia.com:8081/artifactory/api/npm/npm-virtual/lodash/-/lodash-4.17.21.tgz",
      "integrity": "sha1-Z5WRxWTDv/quhFTPCz3zcMPWkRw="
    },
    "react-render": {
      "version": "4.0.0",
      "resolved": "http://artifactory-espoo-fnms.int.net.nokia.com:8081/artifactory/api/npm/npm-virtual/react-render/-/react-render-4.0.0.tgz",
      "integrity": "sha1-3x5IBNpPBcGnIxgAIRK961z8mE0=",
      "requires": {
        "decache": "^4.5.1",
        "lodash": "^4.17.15"
      }
    },
    "react-testing-kit": {
      "version": "2.0.3",
      "resolved": "http://artifactory-espoo-fnms.int.net.nokia.com:8081/artifactory/api/npm/npm-virtual/react-testing-kit/-/react-testing-kit-2.0.3.tgz",
      "integrity": "sha1-dNhpvWyXpg1LJGw0Tiwy7CaTaxw=",
      "dev": true
    }
  }
}
